
Microsoft Visual Studio Solution File, Format Version 12.00
# Visual Studio Version 16
VisualStudioVersion = 16.0.30804.86
MinimumVisualStudioVersion = 10.0.40219.1
Project("{FAE04EC0-301F-11D3-BF4B-00C04F79EFBC}") = "XiaomiBleScanner", "XiaomiBleScanner.csproj", "{808DF96E-14E6-475E-811F-374528394F24}"
EndProject
Global
	GlobalSection(SolutionConfigurationPlatforms) = preSolution
		Debug|Any CPU = Debug|Any CPU
		Release|Any CPU = Release|Any CPU
	EndGlobalSection
	GlobalSection(ProjectConfigurationPlatforms) = postSolution
		{808DF96E-14E6-475E-811F-374528394F24}.Debug|Any CPU.ActiveCfg = Debug|Any CPU
		{808DF96E-14E6-475E-811F-374528394F24}.Debug|Any CPU.Build.0 = Debug|Any CPU
		{808DF96E-14E6-475E-811F-374528394F24}.Debug|Any CPU.Deploy.0 = Debug|Any CPU
		{808DF96E-14E6-475E-811F-374528394F24}.Release|Any CPU.ActiveCfg = Release|Any CPU
		{808DF96E-14E6-475E-811F-374528394F24}.Release|Any CPU.Build.0 = Release|Any CPU
		{808DF96E-14E6-475E-811F-374528394F24}.Release|Any CPU.Deploy.0 = Release|Any CPU
	EndGlobalSection
	GlobalSection(SolutionProperties) = preSolution
		HideSolutionNode = FALSE
	EndGlobalSection
	GlobalSection(ExtensibilityGlobals) = postSolution
		SolutionGuid = {AAFF5A71-B6F7-489F-829D-2871332E020C}
	EndGlobalSection
EndGlobal
